{
  "originHash" : "2cae61b36f587dc8c4a7b807972bef316ecb5c07f5136f1191db05506f648ddd",
  "pins" : [
    {
      "identity" : "ezkl-swift-package",
      "kind" : "remoteSourceControl",
      "location" : "https://github.com/zkonduit/ezkl-swift-package",
      "state" : {
        "revision" : "1d49e9291893fae45c7210efd6c3e0a10f9d9a22"
      }
    }
  ],
  "version" : 3
}
